# This file is generated by running "yarn install" inside your project.
# Manual changes might be lost - proceed with caution!

__metadata:
  version: 6
  cacheKey: 8

"@ampproject/remapping@npm:^2.1.0":
  version: 2.2.0
  resolution: "@ampproject/remapping@npm:2.2.0"
  dependencies:
    "@jridgewell/gen-mapping": ^0.1.0
    "@jridgewell/trace-mapping": ^0.3.9
  checksum: d74d170d06468913921d72430259424b7e4c826b5a7d39ff839a29d547efb97dc577caa8ba3fb5cf023624e9af9d09651afc3d4112a45e2050328abc9b3a2292
  languageName: node
  linkType: hard

"@azure/abort-controller@npm:^1.0.0":
  version: 1.1.0
  resolution: "@azure/abort-controller@npm:1.1.0"
  dependencies:
    tslib: ^2.2.0
  checksum: 0f45e504d4aea799486867179afe7589255f6c111951279958e9d0aa5faebb2c96b8f88e3e3c958ce07b02bcba0b0cddb1bbec94705f573a48ecdb93eec1a92a
  languageName: node
  linkType: hard

"@azure/core-auth@npm:^1.3.0":
  version: 1.4.0
  resolution: "@azure/core-auth@npm:1.4.0"
  dependencies:
    "@azure/abort-controller": ^1.0.0
    tslib: ^2.2.0
  checksum: 1c76c296fe911ad39fc780b033c25a92c41c5a15f011b816d42c13584f627a4dd153dfb4334900ec93eb5b006e14bdda37e8412a7697c5a9636a0abaccffad39
  languageName: node
  linkType: hard

"@azure/core-http@npm:^2.2.3":
  version: 2.3.1
  resolution: "@azure/core-http@npm:2.3.1"
  dependencies:
    "@azure/abort-controller": ^1.0.0
    "@azure/core-auth": ^1.3.0
    "@azure/core-tracing": 1.0.0-preview.13
    "@azure/core-util": ^1.1.1
    "@azure/logger": ^1.0.0
    "@types/node-fetch": ^2.5.0
    "@types/tunnel": ^0.0.3
    form-data: ^4.0.0
    node-fetch: ^2.6.7
    process: ^0.11.10
    tough-cookie: ^4.0.0
    tslib: ^2.2.0
    tunnel: ^0.0.6
    uuid: ^8.3.0
    xml2js: ^0.4.19
  checksum: 8c5753cd17d4a66feab47b97b98e7e5b083e276f6e2950ef81a3b3d91a8a45d619704b04ef2a1d224019524728306d39516a8d47af1ca6512f73089acaaa5757
  languageName: node
  linkType: hard

"@azure/core-tracing@npm:1.0.0-preview.13":
  version: 1.0.0-preview.13
  resolution: "@azure/core-tracing@npm:1.0.0-preview.13"
  dependencies:
    "@opentelemetry/api": ^1.0.1
    tslib: ^2.2.0
  checksum: bc3ea8dce1fc6bb6e4cb2e82ec0c361b3e6f6e18e162f352eb347e6991c6461ebc249f5d1b36402cc0d295e2a6bcbaa68014445d7f4293c0792a698c430f145e
  languageName: node
  linkType: hard

"@azure/core-util@npm:^1.1.1":
  version: 1.1.1
  resolution: "@azure/core-util@npm:1.1.1"
  dependencies:
    "@azure/abort-controller": ^1.0.0
    tslib: ^2.2.0
  checksum: 0c4a9e086a65e2411bf858fd36ecb8ff08b9941be081b37c6268ca0c3cfeebe18e863cced3d744201487519bb3698507096a890f63987e9179acf590c01d9561
  languageName: node
  linkType: hard

"@azure/logger@npm:^1.0.0":
  version: 1.0.3
  resolution: "@azure/logger@npm:1.0.3"
  dependencies:
    tslib: ^2.2.0
  checksum: f3443c70c678a7449a5f3be09488a0a15711c506c9da6a81fa9e43178128ddf5db3abc02c99359d188e4ef47d703c5e5f206df71b0e01884245de3220ab1205b
  languageName: node
  linkType: hard

"@babel/code-frame@npm:^7.0.0, @babel/code-frame@npm:^7.12.13, @babel/code-frame@npm:^7.18.6":
  version: 7.18.6
  resolution: "@babel/code-frame@npm:7.18.6"
  dependencies:
    "@babel/highlight": ^7.18.6
  checksum: 195e2be3172d7684bf95cff69ae3b7a15a9841ea9d27d3c843662d50cdd7d6470fd9c8e64be84d031117e4a4083486effba39f9aef6bbb2c89f7f21bcfba33ba
  languageName: node
  linkType: hard

"@babel/compat-data@npm:^7.17.7, @babel/compat-data@npm:^7.20.0, @babel/compat-data@npm:^7.20.1":
  version: 7.20.5
  resolution: "@babel/compat-data@npm:7.20.5"
  checksum: 523790c43ef6388fae91d1ca9acf1ab0e1b22208dcd39c0e5e7a6adf0b48a133f1831be8d5931a72ecd48860f3e3fb777cb89840794abd8647a5c8e5cfab484e
  languageName: node
  linkType: hard

"@babel/core@npm:7.20.5, @babel/core@npm:^7.11.6, @babel/core@npm:^7.12.3, @babel/core@npm:^7.9.0":
  version: 7.20.5
  resolution: "@babel/core@npm:7.20.5"
  dependencies:
    "@ampproject/remapping": ^2.1.0
    "@babel/code-frame": ^7.18.6
    "@babel/generator": ^7.20.5
    "@babel/helper-compilation-targets": ^7.20.0
    "@babel/helper-module-transforms": ^7.20.2
    "@babel/helpers": ^7.20.5
    "@babel/parser": ^7.20.5
    "@babel/template": ^7.18.10
    "@babel/traverse": ^7.20.5
    "@babel/types": ^7.20.5
    convert-source-map: ^1.7.0
    debug: ^4.1.0
    gensync: ^1.0.0-beta.2
    json5: ^2.2.1
    semver: ^6.3.0
  checksum: 9547f1e6364bc58c3621e3b17ec17f0d034ff159e5a520091d9381608d40af3be4042dd27c20ad7d3e938422d75850ac56a3758d6801d65df701557af4bd244b
  languageName: node
  linkType: hard

"@babel/eslint-parser@npm:7.19.1":
  version: 7.19.1
  resolution: "@babel/eslint-parser@npm:7.19.1"
  dependencies:
    "@nicolo-ribaudo/eslint-scope-5-internals": 5.1.1-v1
    eslint-visitor-keys: ^2.1.0
    semver: ^6.3.0
  peerDependencies:
    "@babel/core": ">=7.11.0"
    eslint: ^7.5.0 || ^8.0.0
  checksum: 6d5360f62f25ed097250657deb1bc4c4f51a5f5f2fe456e98cda13727753fdf7a11a109b4cfa03ef0dd6ced3beaeb703b76193c1141e29434d1f91f1bac0517d
  languageName: node
  linkType: hard

"@babel/generator@npm:^7.20.5, @babel/generator@npm:^7.7.2":
  version: 7.20.5
  resolution: "@babel/generator@npm:7.20.5"
  dependencies:
    "@babel/types": ^7.20.5
    "@jridgewell/gen-mapping": ^0.3.2
    jsesc: ^2.5.1
  checksum: 31c10d1e122f08cf755a24bd6f5d197f47eceba03f1133759687d00ab72d210e60ba4011da42f368b6e9fa85cbfda7dc4adb9889c2c20cc5c34bb2d57c1deab7
  languageName: node
  linkType: hard

"@babel/helper-annotate-as-pure@npm:^7.18.6":
  version: 7.18.6
  resolution: "@babel/helper-annotate-as-pure@npm:7.18.6"
  dependencies:
    "@babel/types": ^7.18.6
  checksum: 88ccd15ced475ef2243fdd3b2916a29ea54c5db3cd0cfabf9d1d29ff6e63b7f7cd1c27264137d7a40ac2e978b9b9a542c332e78f40eb72abe737a7400788fc1b
  languageName: node
  linkType: hard

"@babel/helper-builder-binary-assignment-operator-visitor@npm:^7.18.6":
  version: 7.18.9
  resolution: "@babel/helper-builder-binary-assignment-operator-visitor@npm:7.18.9"
  dependencies:
    "@babel/helper-explode-assignable-expression": ^7.18.6
    "@babel/types": ^7.18.9
  checksum: b4bc214cb56329daff6cc18a7f7a26aeafb55a1242e5362f3d47fe3808421f8c7cd91fff95d6b9b7ccb67e14e5a67d944e49dbe026942bfcbfda19b1c72a8e72
  languageName: node
  linkType: hard

"@babel/helper-compilation-targets@npm:^7.17.7, @babel/helper-compilation-targets@npm:^7.18.9, @babel/helper-compilation-targets@npm:^7.20.0":
  version: 7.20.0
  resolution: "@babel/helper-compilation-targets@npm:7.20.0"
  dependencies:
    "@babel/compat-data": ^7.20.0
    "@babel/helper-validator-option": ^7.18.6
    browserslist: ^4.21.3
    semver: ^6.3.0
  peerDependencies:
    "@babel/core": ^7.0.0
  checksum: bc183f2109648849c8fde0b3c5cf08adf2f7ad6dc617b546fd20f34c8ef574ee5ee293c8d1bd0ed0221212e8f5907cdc2c42097870f1dcc769a654107d82c95b
  languageName: node
  linkType: hard

"@babel/helper-create-class-features-plugin@npm:^7.18.6, @babel/helper-create-class-features-plugin@npm:^7.20.2, @babel/helper-create-class-features-plugin@npm:^7.20.5":
  version: 7.20.5
  resolution: "@babel/helper-create-class-features-plugin@npm:7.20.5"
  dependencies:
    "@babel/helper-annotate-as-pure": ^7.18.6
    "@babel/helper-environment-visitor": ^7.18.9
    "@babel/helper-function-name": ^7.19.0
    "@babel/helper-member-expression-to-functions": ^7.18.9
    "@babel/helper-optimise-call-expression": ^7.18.6
    "@babel/helper-replace-supers": ^7.19.1
    "@babel/helper-split-export-declaration": ^7.18.6
  peerDependencies:
    "@babel/core": ^7.0.0
  checksum: 51b0662cc44ae5fe3691ed552f97312006709ec3f5321a5e5b5a139a5743eaaf65987f30ee7c171af80ab77460fb57c1970b0b1583dd70d90b58e4433b117a1b
  languageName: node
  linkType: hard

"@babel/helper-create-regexp-features-plugin@npm:^7.18.6, @babel/helper-create-regexp-features-plugin@npm:^7.20.5":
  version: 7.20.5
  resolution: "@babel/helper-create-regexp-features-plugin@npm:7.20.5"
  dependencies:
    "@babel/helper-annotate-as-pure": ^7.18.6
    regexpu-core: ^5.2.1
  peerDependencies:
    "@babel/core": ^7.0.0
  checksum: 7f29c3cb7447cca047b0d394f8ab98e4923d00e86a7afa56e5df9770c48ec107891505d2d1f06b720ecc94ed24bf58d90986cc35fe4a43b549eb7b7a5077b693
  languageName: node
  linkType: hard

"@babel/helper-define-polyfill-provider@npm:^0.3.3":
  version: 0.3.3
  resolution: "@babel/helper-define-polyfill-provider@npm:0.3.3"
  dependencies:
    "@babel/helper-compilation-targets": ^7.17.7
    "@babel/helper-plugin-utils": ^7.16.7
    debug: ^4.1.1
    lodash.debounce: ^4.0.8
    resolve: ^1.14.2
    semver: ^6.1.2
  peerDependencies:
    "@babel/core": ^7.4.0-0
  checksum: 8e3fe75513302e34f6d92bd67b53890e8545e6c5bca8fe757b9979f09d68d7e259f6daea90dc9e01e332c4f8781bda31c5fe551c82a277f9bc0bec007aed497c
  languageName: node
  linkType: hard

"@babel/helper-environment-visitor@npm:^7.18.9":
  version: 7.18.9
  resolution: "@babel/helper-environment-visitor@npm:7.18.9"
  checksum: b25101f6162ddca2d12da73942c08ad203d7668e06663df685634a8fde54a98bc015f6f62938e8554457a592a024108d45b8f3e651fd6dcdb877275b73cc4420
  languageName: node
  linkType: hard

"@babel/helper-explode-assignable-expression@npm:^7.18.6":
  version: 7.18.6
  resolution: "@babel/helper-explode-assignable-expression@npm:7.18.6"
  dependencies:
    "@babel/types": ^7.18.6
  checksum: 225cfcc3376a8799023d15dc95000609e9d4e7547b29528c7f7111a0e05493ffb12c15d70d379a0bb32d42752f340233c4115bded6d299bc0c3ab7a12be3d30f
  languageName: node
  linkType: hard

"@babel/helper-function-name@npm:^7.18.9, @babel/helper-function-name@npm:^7.19.0":
  version: 7.19.0
  resolution: "@babel/helper-function-name@npm:7.19.0"
  dependencies:
    "@babel/template": ^7.18.10
    "@babel/types": ^7.19.0
  checksum: eac1f5db428ba546270c2b8d750c24eb528b8fcfe50c81de2e0bdebf0e20f24bec688d4331533b782e4a907fad435244621ca2193cfcf80a86731299840e0f6e
  languageName: node
  linkType: hard
